{
  "name": "taskimatti",
  "lockfileVersion": 3,
  "requires": true,
  "packages": {
    "": {
      "dependencies": {
        "qrcode.vue": "^3.4.1"
      }
    },
    "node_modules/@babel/parser": {
      "version": "7.23.6",
      "resolved": "https://registry.npmjs.org/@babel/parser/-/parser-7.23.6.tgz",
      "integrity": "sha512-Z2uID7YJ7oNvAI20O9X0bblw7Qqs8Q2hFy0R9tAfnfLkp5MW0UH9eUvnDSnFwKZ0AvgS1ucqR4KzvVHgnke1VQ==",
      "peer": true,
      "bin": {
        "parser": "bin/babel-parser.js"
      },
      "engines": {
        "node": ">=6.0.0"
      }
    },
    "node_modules/@jridgewell/sourcemap-codec": {
      "version": "1.4.15",
      "resolved": "https://registry.npmjs.org/@jridgewell/sourcemap-codec/-/sourcemap-codec-1.4.15.tgz",
      "integrity": "sha512-eF2rxCRulEKXHTRiDrDy6erMYWqNw4LPdQ8UQA4huuxaQsVeRPFl2oM8oDGxMFhJUWZf9McpLtJasDDZb/Bpeg==",
      "peer": true
    },
    "node_modules/@vue/compiler-core": {
      "version": "3.4.7",
      "resolved": "https://registry.npmjs.org/@vue/compiler-core/-/compiler-core-3.4.7.tgz",
      "integrity": "sha512-hhCaE3pTMrlIJK7M/o3Xf7HV8+JoNTGOQ/coWS+V+pH6QFFyqtoXqQzpqsNp7UK17xYKua/MBiKj4e1vgZOBYw==",
      "peer": true,
      "dependencies": {
        "@babel/parser": "^7.23.6",
        "@vue/shared": "3.4.7",
        "entities": "^4.5.0",
        "estree-walker": "^2.0.2",
        "source-map-js": "^1.0.2"
      }
    },
    "node_modules/@vue/compiler-dom": {
      "version": "3.4.7",
      "resolved": "https://registry.npmjs.org/@vue/compiler-dom/-/compiler-dom-3.4.7.tgz",
      "integrity": "sha512-qDKBAIurCTub4n/6jDYkXwgsFuriqqmmLrIq1N2QDfYJA/mwiwvxi09OGn28g+uDdERX9NaKDLji0oTjE3sScg==",
      "peer": true,
      "dependencies": {
        "@vue/compiler-core": "3.4.7",
        "@vue/shared": "3.4.7"
      }
    },
    "node_modules/@vue/compiler-sfc": {
      "version": "3.4.7",
      "resolved": "https://registry.npmjs.org/@vue/compiler-sfc/-/compiler-sfc-3.4.7.tgz",
      "integrity": "sha512-Gec6CLkReVswDYjQFq79O5rktri4R7TsD/VPCiUoJw40JhNNxaNJJa8mrQrWoJluW4ETy6QN0NUyC/JO77OCOw==",
      "peer": true,
      "dependencies": {
        "@babel/parser": "^7.23.6",
        "@vue/compiler-core": "3.4.7",
        "@vue/compiler-dom": "3.4.7",
        "@vue/compiler-ssr": "3.4.7",
        "@vue/shared": "3.4.7",
        "estree-walker": "^2.0.2",
        "magic-string": "^0.30.5",
        "postcss": "^8.4.32",
        "source-map-js": "^1.0.2"
      }
    },
    "node_modules/@vue/compiler-ssr": {
      "version": "3.4.7",
      "resolved": "https://registry.npmjs.org/@vue/compiler-ssr/-/compiler-ssr-3.4.7.tgz",
      "integrity": "sha512-PvYeSOvnCkST5mGS0TLwEn5w+4GavtEn6adcq8AspbHaIr+mId5hp7cG3ASy3iy8b+LuXEG2/QaV/nj5BQ/Aww==",
      "peer": true,
      "dependencies": {
        "@vue/compiler-dom": "3.4.7",
        "@vue/shared": "3.4.7"
      }
    },
    "node_modules/@vue/reactivity": {
      "version": "3.4.7",
      "resolved": "https://registry.npmjs.org/@vue/reactivity/-/reactivity-3.4.7.tgz",
      "integrity": "sha512-F539DO0ogH0+L8F9Pnw7cjqibcmSOh5UTk16u5f4MKQ8fraqepI9zdh+sozPX6VmEHOcjo8qw3Or9ZcFFw4SZA==",
      "peer": true,
      "dependencies": {
        "@vue/shared": "3.4.7"
      }
    },
    "node_modules/@vue/runtime-core": {
      "version": "3.4.7",
      "resolved": "https://registry.npmjs.org/@vue/runtime-core/-/runtime-core-3.4.7.tgz",
      "integrity": "sha512-QMMsWRQaD3BpGyjjChthpl4Mji4Fjx1qfdufsXlDkKU3HV+hWNor2z+29F+E1MmVcP0ZfRZUfqYgtsQoL7IGwQ==",
      "peer": true,
      "dependencies": {
        "@vue/reactivity": "3.4.7",
        "@vue/shared": "3.4.7"
      }
    },
    "node_modules/@vue/runtime-dom": {
      "version": "3.4.7",
      "resolved": "https://registry.npmjs.org/@vue/runtime-dom/-/runtime-dom-3.4.7.tgz",
      "integrity": "sha512-XwegyUY1rw8zxsX1Z36vwYcqo+uOgih5ti7y9vx+pPFhNdSQmN4LqK2RmSeAJG1oKV8NqSUmjpv92f/x6h0SeQ==",
      "peer": true,
      "dependencies": {
        "@vue/runtime-core": "3.4.7",
        "@vue/shared": "3.4.7",
        "csstype": "^3.1.3"
      }
    },
    "node_modules/@vue/server-renderer": {
      "version": "3.4.7",
      "resolved": "https://registry.npmjs.org/@vue/server-renderer/-/server-renderer-3.4.7.tgz",
      "integrity": "sha512-3bWnYLEkLLhkDWqvNk7IvbQD4UcxvFKxELBiOO2iG3m6AniFIsBWfHOO5tLVQnjdWkODu4rq0GipmfEenVAK5Q==",
      "peer": true,
      "dependencies": {
        "@vue/compiler-ssr": "3.4.7",
        "@vue/shared": "3.4.7"
      },
      "peerDependencies": {
        "vue": "3.4.7"
      }
    },
    "node_modules/@vue/shared": {
      "version": "3.4.7",
      "resolved": "https://registry.npmjs.org/@vue/shared/-/shared-3.4.7.tgz",
      "integrity": "sha512-G+i4glX1dMJk88sbJEcQEGWRQnVm9eIY7CcQbO5dpdsD9SF8jka3Mr5OqZYGjczGN1+D6EUwdu6phcmcx9iuPA==",
      "peer": true
    },
    "node_modules/csstype": {
      "version": "3.1.3",
      "resolved": "https://registry.npmjs.org/csstype/-/csstype-3.1.3.tgz",
      "integrity": "sha512-M1uQkMl8rQK/szD0LNhtqxIPLpimGm8sOBwU7lLnCpSbTyY3yeU1Vc7l4KT5zT4s/yOxHH5O7tIuuLOCnLADRw==",
      "peer": true
    },
    "node_modules/entities": {
      "version": "4.5.0",
      "resolved": "https://registry.npmjs.org/entities/-/entities-4.5.0.tgz",
      "integrity": "sha512-V0hjH4dGPh9Ao5p0MoRY6BVqtwCjhz6vI5LT8AJ55H+4g9/4vbHx1I54fS0XuclLhDHArPQCiMjDxjaL8fPxhw==",
      "peer": true,
      "engines": {
        "node": ">=0.12"
      },
      "funding": {
        "url": "https://github.com/fb55/entities?sponsor=1"
      }
    },
    "node_modules/estree-walker": {
      "version": "2.0.2",
      "resolved": "https://registry.npmjs.org/estree-walker/-/estree-walker-2.0.2.tgz",
      "integrity": "sha512-Rfkk/Mp/DL7JVje3u18FxFujQlTNR2q6QfMSMB7AvCBx91NGj/ba3kCfza0f6dVDbw7YlRf/nDrn7pQrCCyQ/w==",
      "peer": true
    },
    "node_modules/magic-string": {
      "version": "0.30.5",
      "resolved": "https://registry.npmjs.org/magic-string/-/magic-string-0.30.5.tgz",
      "integrity": "sha512-7xlpfBaQaP/T6Vh8MO/EqXSW5En6INHEvEXQiuff7Gku0PWjU3uf6w/j9o7O+SpB5fOAkrI5HeoNgwjEO0pFsA==",
      "peer": true,
      "dependencies": {
        "@jridgewell/sourcemap-codec": "^1.4.15"
      },
      "engines": {
        "node": ">=12"
      }
    },
    "node_modules/nanoid": {
      "version": "3.3.7",
      "resolved": "https://registry.npmjs.org/nanoid/-/nanoid-3.3.7.tgz",
      "integrity": "sha512-eSRppjcPIatRIMC1U6UngP8XFcz8MQWGQdt1MTBQ7NaAmvXDfvNxbvWV3x2y6CdEUciCSsDHDQZbhYaB8QEo2g==",
      "funding": [
        {
          "type": "github",
          "url": "https://github.com/sponsors/ai"
        }
      ],
      "peer": true,
      "bin": {
        "nanoid": "bin/nanoid.cjs"
      },
      "engines": {
        "node": "^10 || ^12 || ^13.7 || ^14 || >=15.0.1"
      }
    },
    "node_modules/picocolors": {
      "version": "1.0.0",
      "resolved": "https://registry.npmjs.org/picocolors/-/picocolors-1.0.0.tgz",
      "integrity": "sha512-1fygroTLlHu66zi26VoTDv8yRgm0Fccecssto+MhsZ0D/DGW2sm8E8AjW7NU5VVTRt5GxbeZ5qBuJr+HyLYkjQ==",
      "peer": true
    },
    "node_modules/postcss": {
      "version": "8.4.33",
      "resolved": "https://registry.npmjs.org/postcss/-/postcss-8.4.33.tgz",
      "integrity": "sha512-Kkpbhhdjw2qQs2O2DGX+8m5OVqEcbB9HRBvuYM9pgrjEFUg30A9LmXNlTAUj4S9kgtGyrMbTzVjH7E+s5Re2yg==",
      "funding": [
        {
          "type": "opencollective",
          "url": "https://opencollective.com/postcss/"
        },
        {
          "type": "tidelift",
          "url": "https://tidelift.com/funding/github/npm/postcss"
        },
        {
          "type": "github",
          "url": "https://github.com/sponsors/ai"
        }
      ],
      "peer": true,
      "dependencies": {
        "nanoid": "^3.3.7",
        "picocolors": "^1.0.0",
        "source-map-js": "^1.0.2"
      },
      "engines": {
        "node": "^10 || ^12 || >=14"
      }
    },
    "node_modules/qrcode.vue": {
      "version": "3.4.1",
      "resolved": "https://registry.npmjs.org/qrcode.vue/-/qrcode.vue-3.4.1.tgz",
      "integrity": "sha512-wq/zHsifH4FJ1GXQi8/wNxD1KfQkckIpjK1KPTc/qwYU5/Bkd4me0w4xZSg6EXk6xLBkVDE0zxVagewv5EMAVA==",
      "peerDependencies": {
        "vue": "^3.0.0"
      }
    },
    "node_modules/source-map-js": {
      "version": "1.0.2",
      "resolved": "https://registry.npmjs.org/source-map-js/-/source-map-js-1.0.2.tgz",
      "integrity": "sha512-R0XvVJ9WusLiqTCEiGCmICCMplcCkIwwR11mOSD9CR5u+IXYdiseeEuXCVAjS54zqwkLcPNnmU4OeJ6tUrWhDw==",
      "peer": true,
      "engines": {
        "node": ">=0.10.0"
      }
    },
    "node_modules/vue": {
      "version": "3.4.7",
      "resolved": "https://registry.npmjs.org/vue/-/vue-3.4.7.tgz",
      "integrity": "sha512-4urmkWpudekq0CPNMO7p6mBGa9qmTXwJMO2r6CT4EzIJVG7WoSReiysiNb7OSi/WI113oX0Srn9Rz1k/DCXKFQ==",
      "peer": true,
      "dependencies": {
        "@vue/compiler-dom": "3.4.7",
        "@vue/compiler-sfc": "3.4.7",
        "@vue/runtime-dom": "3.4.7",
        "@vue/server-renderer": "3.4.7",
        "@vue/shared": "3.4.7"
      },
      "peerDependencies": {
        "typescript": "*"
      },
      "peerDependenciesMeta": {
        "typescript": {
          "optional": true
        }
      }
    }
  }
}
